
Microsoft Visual Studio Solution File, Format Version 12.00
# Visual Studio Version 17
VisualStudioVersion = 17.0.31903.59
MinimumVisualStudioVersion = 10.0.40219.1
Project("{9A19103F-16F7-4668-BE54-9A1E7A4F7556}") = "StoreApp", "StoreApp\StoreApp.csproj", "{B44905B6-C510-4B0E-9278-AAE18CBC77D1}"
EndProject
Project("{9A19103F-16F7-4668-BE54-9A1E7A4F7556}") = "Entities", "Entities\Entities.csproj", "{71032187-739F-4C3D-AF64-DD56D7AF08A5}"
EndProject
Project("{9A19103F-16F7-4668-BE54-9A1E7A4F7556}") = "Repositories", "Repositories\Repositories.csproj", "{D6094933-B4E0-41B8-8A6B-DDE48B6649AB}"
EndProject
Project("{9A19103F-16F7-4668-BE54-9A1E7A4F7556}") = "Services", "Services\Services.csproj", "{2201B95E-779E-4349-8B1B-1F1E05E329B7}"
EndProject
Project("{FAE04EC0-301F-11D3-BF4B-00C04F79EFBC}") = "Presentation", "Presentation\Presentation.csproj", "{19A62FEB-0A9E-4C7F-812A-27603ADB2696}"
EndProject
Global
	GlobalSection(SolutionConfigurationPlatforms) = preSolution
		Debug|Any CPU = Debug|Any CPU
		Release|Any CPU = Release|Any CPU
	EndGlobalSection
	GlobalSection(ProjectConfigurationPlatforms) = postSolution
		{B44905B6-C510-4B0E-9278-AAE18CBC77D1}.Debug|Any CPU.ActiveCfg = Debug|Any CPU
		{B44905B6-C510-4B0E-9278-AAE18CBC77D1}.Debug|Any CPU.Build.0 = Debug|Any CPU
		{B44905B6-C510-4B0E-9278-AAE18CBC77D1}.Release|Any CPU.ActiveCfg = Release|Any CPU
		{B44905B6-C510-4B0E-9278-AAE18CBC77D1}.Release|Any CPU.Build.0 = Release|Any CPU
		{71032187-739F-4C3D-AF64-DD56D7AF08A5}.Debug|Any CPU.ActiveCfg = Debug|Any CPU
		{71032187-739F-4C3D-AF64-DD56D7AF08A5}.Debug|Any CPU.Build.0 = Debug|Any CPU
		{71032187-739F-4C3D-AF64-DD56D7AF08A5}.Release|Any CPU.ActiveCfg = Release|Any CPU
		{71032187-739F-4C3D-AF64-DD56D7AF08A5}.Release|Any CPU.Build.0 = Release|Any CPU
		{D6094933-B4E0-41B8-8A6B-DDE48B6649AB}.Debug|Any CPU.ActiveCfg = Debug|Any CPU
		{D6094933-B4E0-41B8-8A6B-DDE48B6649AB}.Debug|Any CPU.Build.0 = Debug|Any CPU
		{D6094933-B4E0-41B8-8A6B-DDE48B6649AB}.Release|Any CPU.ActiveCfg = Release|Any CPU
		{D6094933-B4E0-41B8-8A6B-DDE48B6649AB}.Release|Any CPU.Build.0 = Release|Any CPU
		{2201B95E-779E-4349-8B1B-1F1E05E329B7}.Debug|Any CPU.ActiveCfg = Debug|Any CPU
		{2201B95E-779E-4349-8B1B-1F1E05E329B7}.Debug|Any CPU.Build.0 = Debug|Any CPU
		{2201B95E-779E-4349-8B1B-1F1E05E329B7}.Release|Any CPU.ActiveCfg = Release|Any CPU
		{2201B95E-779E-4349-8B1B-1F1E05E329B7}.Release|Any CPU.Build.0 = Release|Any CPU
		{19A62FEB-0A9E-4C7F-812A-27603ADB2696}.Debug|Any CPU.ActiveCfg = Debug|Any CPU
		{19A62FEB-0A9E-4C7F-812A-27603ADB2696}.Debug|Any CPU.Build.0 = Debug|Any CPU
		{19A62FEB-0A9E-4C7F-812A-27603ADB2696}.Release|Any CPU.ActiveCfg = Release|Any CPU
		{19A62FEB-0A9E-4C7F-812A-27603ADB2696}.Release|Any CPU.Build.0 = Release|Any CPU
	EndGlobalSection
	GlobalSection(SolutionProperties) = preSolution
		HideSolutionNode = FALSE
	EndGlobalSection
	GlobalSection(ExtensibilityGlobals) = postSolution
		SolutionGuid = {B9AB4E2A-389E-4536-823F-B25ECAE3874F}
	EndGlobalSection
EndGlobal
